// !$*UTF8*$!
{
	archiveVersion = 1;
	classes = {
	};
	objectVersion = 56;
	objects = {

/* Begin PBXBuildFile section */
		FB0E180D2C9A3E1B00807B3F /* GlobalChatView.swift in Sources */ = {isa = PBXBuildFile; fileRef = FB0E180C2C9A3E1B00807B3F /* GlobalChatView.swift */; };
		FB0E180F2C9A59A300807B3F /* GroupMessage.swift in Sources */ = {isa = PBXBuildFile; fileRef = FB0E180E2C9A59A300807B3F /* GroupMessage.swift */; };
		FB0E18112C9A646100807B3F /* ChangeDateView.swift in Sources */ = {isa = PBXBuildFile; fileRef = FB0E18102C9A646100807B3F /* ChangeDateView.swift */; };
		FB10F9D22C39DED20073E030 /* AuthView.swift in Sources */ = {isa = PBXBuildFile; fileRef = FB10F9D12C39DED20073E030 /* AuthView.swift */; };
		FB10F9D82C3C388C0073E030 /* ImagePicker.swift in Sources */ = {isa = PBXBuildFile; fileRef = FB10F9D72C3C388C0073E030 /* ImagePicker.swift */; };
		FB10F9DA2C3EA8A10073E030 /* NameView.swift in Sources */ = {isa = PBXBuildFile; fileRef = FB10F9D92C3EA8A10073E030 /* NameView.swift */; };
		FB2E19682C7A219500182F82 /* FriendMessage.swift in Sources */ = {isa = PBXBuildFile; fileRef = FB2E19672C7A219500182F82 /* FriendMessage.swift */; };
		FB3DF7592BFF4B74005CC7AB /* HomeView.swift in Sources */ = {isa = PBXBuildFile; fileRef = FB3DF7582BFF4B74005CC7AB /* HomeView.swift */; };
		FB3DF75B2BFF4BE2005CC7AB /* StatusView.swift in Sources */ = {isa = PBXBuildFile; fileRef = FB3DF75A2BFF4BE2005CC7AB /* StatusView.swift */; };
		FB3DF75F2BFF5060005CC7AB /* DateView.swift in Sources */ = {isa = PBXBuildFile; fileRef = FB3DF75E2BFF5060005CC7AB /* DateView.swift */; };
		FB3DF7622BFF7308005CC7AB /* CustomTabBar.swift in Sources */ = {isa = PBXBuildFile; fileRef = FB3DF7612BFF7308005CC7AB /* CustomTabBar.swift */; };
		FB3DF7762C012D70005CC7AB /* RegisterViewModel.swift in Sources */ = {isa = PBXBuildFile; fileRef = FB3DF7752C012D70005CC7AB /* RegisterViewModel.swift */; };
		FB3DF7992C013A2D005CC7AB /* MessageView.swift in Sources */ = {isa = PBXBuildFile; fileRef = FB3DF7982C013A2D005CC7AB /* MessageView.swift */; };
		FB3DF79B2C013A41005CC7AB /* CalendarView.swift in Sources */ = {isa = PBXBuildFile; fileRef = FB3DF79A2C013A41005CC7AB /* CalendarView.swift */; };
		FB3DF79D2C01417B005CC7AB /* ProgressLineView.swift in Sources */ = {isa = PBXBuildFile; fileRef = FB3DF79C2C01417B005CC7AB /* ProgressLineView.swift */; };
		FB3DF7A02C01517B005CC7AB /* Date.swift in Sources */ = {isa = PBXBuildFile; fileRef = FB3DF79F2C01517A005CC7AB /* Date.swift */; };
		FB3DF7A22C033B60005CC7AB /* ProgressSheetView.swift in Sources */ = {isa = PBXBuildFile; fileRef = FB3DF7A12C033B60005CC7AB /* ProgressSheetView.swift */; };
		FB3DF7A42C033E9C005CC7AB /* DemobilizationTimeView.swift in Sources */ = {isa = PBXBuildFile; fileRef = FB3DF7A32C033E9C005CC7AB /* DemobilizationTimeView.swift */; };
		FB4378072C99C063000C8727 /* HomeEnum.swift in Sources */ = {isa = PBXBuildFile; fileRef = FB4378062C99C062000C8727 /* HomeEnum.swift */; };
		FB4378092C99E9DF000C8727 /* GlobalChat.swift in Sources */ = {isa = PBXBuildFile; fileRef = FB4378082C99E9DF000C8727 /* GlobalChat.swift */; };
		FB43780B2C9A1C98000C8727 /* ChatResponse.swift in Sources */ = {isa = PBXBuildFile; fileRef = FB43780A2C9A1C98000C8727 /* ChatResponse.swift */; };
		FB4CF3C12BF00C5D003CAFF4 /* DMBappApp.swift in Sources */ = {isa = PBXBuildFile; fileRef = FB4CF3C02BF00C5D003CAFF4 /* DMBappApp.swift */; };
		FB4CF3C52BF00C5F003CAFF4 /* Assets.xcassets in Resources */ = {isa = PBXBuildFile; fileRef = FB4CF3C42BF00C5F003CAFF4 /* Assets.xcassets */; };
		FB4CF3C82BF00C5F003CAFF4 /* Preview Assets.xcassets in Resources */ = {isa = PBXBuildFile; fileRef = FB4CF3C72BF00C5F003CAFF4 /* Preview Assets.xcassets */; };
		FB4CF3CF2BF00DCC003CAFF4 /* LaunchScreen.storyboard in Resources */ = {isa = PBXBuildFile; fileRef = FB4CF3CE2BF00DCC003CAFF4 /* LaunchScreen.storyboard */; };
		FB5AF7C52C6CE19600956907 /* NetworkManager.swift in Sources */ = {isa = PBXBuildFile; fileRef = FB5AF7C42C6CE19600956907 /* NetworkManager.swift */; };
		FB5AF7C92C6CE1A700956907 /* KeychainManager.swift in Sources */ = {isa = PBXBuildFile; fileRef = FB5AF7C82C6CE1A700956907 /* KeychainManager.swift */; };
		FB5AF7CC2C6CE1B400956907 /* Starscream in Frameworks */ = {isa = PBXBuildFile; productRef = FB5AF7CB2C6CE1B400956907 /* Starscream */; };
		FB5AF7D62C6CE33B00956907 /* Day.swift in Sources */ = {isa = PBXBuildFile; fileRef = FB5AF7CE2C6CE33B00956907 /* Day.swift */; };
		FB5AF7D72C6CE33B00956907 /* UserData.swift in Sources */ = {isa = PBXBuildFile; fileRef = FB5AF7CF2C6CE33B00956907 /* UserData.swift */; };
		FB5AF7D82C6CE33B00956907 /* EventData.swift in Sources */ = {isa = PBXBuildFile; fileRef = FB5AF7D02C6CE33B00956907 /* EventData.swift */; };
		FB5AF7D92C6CE33B00956907 /* Error.swift in Sources */ = {isa = PBXBuildFile; fileRef = FB5AF7D12C6CE33B00956907 /* Error.swift */; };
		FB5AF7DA2C6CE33B00956907 /* UserTimer.swift in Sources */ = {isa = PBXBuildFile; fileRef = FB5AF7D22C6CE33B00956907 /* UserTimer.swift */; };
		FB5AF7DB2C6CE33B00956907 /* Authorization.swift in Sources */ = {isa = PBXBuildFile; fileRef = FB5AF7D32C6CE33B00956907 /* Authorization.swift */; };
		FB5AF7DC2C6CE33B00956907 /* Account.swift in Sources */ = {isa = PBXBuildFile; fileRef = FB5AF7D42C6CE33B00956907 /* Account.swift */; };
		FB5AF7DD2C6CE33B00956907 /* User.swift in Sources */ = {isa = PBXBuildFile; fileRef = FB5AF7D52C6CE33B00956907 /* User.swift */; };
		FB5AF7DF2C6CE5CE00956907 /* Int64.swift in Sources */ = {isa = PBXBuildFile; fileRef = FB5AF7DE2C6CE5CE00956907 /* Int64.swift */; };
		FB5D307B2C9791F8008AC973 /* MessageImageView.swift in Sources */ = {isa = PBXBuildFile; fileRef = FB5D307A2C9791F8008AC973 /* MessageImageView.swift */; };
		FB5D307D2C97959E008AC973 /* UIImage.swift in Sources */ = {isa = PBXBuildFile; fileRef = FB5D307C2C97959E008AC973 /* UIImage.swift */; };
		FB6A16AF2C887D1600A23787 /* Chat.swift in Sources */ = {isa = PBXBuildFile; fileRef = FB6A16AE2C887D1600A23787 /* Chat.swift */; };
		FB6A16B12C88987200A23787 /* SocketMessage.swift in Sources */ = {isa = PBXBuildFile; fileRef = FB6A16B02C88987200A23787 /* SocketMessage.swift */; };
		FB6A16B42C88F9E600A23787 /* AnyCodable in Frameworks */ = {isa = PBXBuildFile; productRef = FB6A16B32C88F9E600A23787 /* AnyCodable */; };
		FB715BBA2C2B171E00071C09 /* CoreDataModel.xcdatamodeld in Sources */ = {isa = PBXBuildFile; fileRef = FB715BB82C2B171E00071C09 /* CoreDataModel.xcdatamodeld */; };
		FB715BBC2C2B17D300071C09 /* CoreDataManager.swift in Sources */ = {isa = PBXBuildFile; fileRef = FB715BBB2C2B17D300071C09 /* CoreDataManager.swift */; };
		FB715BBE2C2C744200071C09 /* GoogleService-Info.plist in Resources */ = {isa = PBXBuildFile; fileRef = FB715BBD2C2C744200071C09 /* GoogleService-Info.plist */; };
		FB715BCB2C2C778900071C09 /* RegisterView.swift in Sources */ = {isa = PBXBuildFile; fileRef = FB715BCA2C2C778900071C09 /* RegisterView.swift */; };
		FB737C782C185FE200A0225F /* CustomAddButton.swift in Sources */ = {isa = PBXBuildFile; fileRef = FB737C772C185FE200A0225F /* CustomAddButton.swift */; };
		FB737C7A2C18630100A0225F /* EventsList.swift in Sources */ = {isa = PBXBuildFile; fileRef = FB737C792C18630000A0225F /* EventsList.swift */; };
		FB737C7C2C18636900A0225F /* CalendarViewModel.swift in Sources */ = {isa = PBXBuildFile; fileRef = FB737C7B2C18636900A0225F /* CalendarViewModel.swift */; };
		FB737C9A2C1A3FD300A0225F /* LanguageView.swift in Sources */ = {isa = PBXBuildFile; fileRef = FB737C992C1A3FD300A0225F /* LanguageView.swift */; };
		FB737C9F2C1B067800A0225F /* DimBackgroundView.swift in Sources */ = {isa = PBXBuildFile; fileRef = FB737C9E2C1B067800A0225F /* DimBackgroundView.swift */; };
		FB737CA12C1B0AA900A0225F /* SettingsViewModel.swift in Sources */ = {isa = PBXBuildFile; fileRef = FB737CA02C1B0AA900A0225F /* SettingsViewModel.swift */; };
		FB737CA32C1B211500A0225F /* NewEventView.swift in Sources */ = {isa = PBXBuildFile; fileRef = FB737CA22C1B211500A0225F /* NewEventView.swift */; };
		FB7D135D2C14EE8400E1E5E1 /* CustomCalendar.swift in Sources */ = {isa = PBXBuildFile; fileRef = FB7D135C2C14EE8400E1E5E1 /* CustomCalendar.swift */; };
		FB7D135F2C14FD0400E1E5E1 /* CustomMessageSearchBar.swift in Sources */ = {isa = PBXBuildFile; fileRef = FB7D135E2C14FD0400E1E5E1 /* CustomMessageSearchBar.swift */; };
		FB7D13632C1740F100E1E5E1 /* Double.swift in Sources */ = {isa = PBXBuildFile; fileRef = FB7D13622C1740F100E1E5E1 /* Double.swift */; };
		FB826B442C903FBA00A14282 /*  UseTermsView.swift in Sources */ = {isa = PBXBuildFile; fileRef = FB826B432C903FBA00A14282 /*  UseTermsView.swift */; };
		FB8445C12BFE25F6006DE143 /* Montserrat.ttf in Resources */ = {isa = PBXBuildFile; fileRef = FB8445C02BFE25F6006DE143 /* Montserrat.ttf */; };
		FB8D68712C13B16400C5C18C /* HomeViewModel.swift in Sources */ = {isa = PBXBuildFile; fileRef = FB8D68702C13B16400C5C18C /* HomeViewModel.swift */; };
		FB8D68732C13CFFC00C5C18C /* Int.swift in Sources */ = {isa = PBXBuildFile; fileRef = FB8D68722C13CFFC00C5C18C /* Int.swift */; };
		FB8D68752C1470BC00C5C18C /* UserDefaultsManager.swift in Sources */ = {isa = PBXBuildFile; fileRef = FB8D68742C1470BC00C5C18C /* UserDefaultsManager.swift */; };
		FB8D68792C1487A600C5C18C /* SettingsView.swift in Sources */ = {isa = PBXBuildFile; fileRef = FB8D68782C1487A600C5C18C /* SettingsView.swift */; };
		FB8D687C2C148A6600C5C18C /* benzin-regular.ttf in Resources */ = {isa = PBXBuildFile; fileRef = FB8D687B2C148A6600C5C18C /* benzin-regular.ttf */; };
		FB8F01312C72AC3700B7A704 /* UserCardView.swift in Sources */ = {isa = PBXBuildFile; fileRef = FB8F01302C72AC3700B7A704 /* UserCardView.swift */; };
		FB8F01352C73C1FA00B7A704 /* CustomHomeSearchBar.swift in Sources */ = {isa = PBXBuildFile; fileRef = FB8F01342C73C1F900B7A704 /* CustomHomeSearchBar.swift */; };
		FB8F01372C75233400B7A704 /* RecieverUser.swift in Sources */ = {isa = PBXBuildFile; fileRef = FB8F01362C75233400B7A704 /* RecieverUser.swift */; };
		FB8F01392C7528A000B7A704 /* SenderUser.swift in Sources */ = {isa = PBXBuildFile; fileRef = FB8F01382C7528A000B7A704 /* SenderUser.swift */; };
		FB8F013B2C76028200B7A704 /* FriendshipInvitesView.swift in Sources */ = {isa = PBXBuildFile; fileRef = FB8F013A2C76028200B7A704 /* FriendshipInvitesView.swift */; };
		FB93D3762C9E2D5F00C1E171 /* NickNameIsTakenErrorView.swift in Sources */ = {isa = PBXBuildFile; fileRef = FB93D3752C9E2D5F00C1E171 /* NickNameIsTakenErrorView.swift */; };
		FBA373742C4064B500F3D975 /* String.swift in Sources */ = {isa = PBXBuildFile; fileRef = FBA373732C4064B500F3D975 /* String.swift */; };
		FBA373762C4085F900F3D975 /* MessageViewModel.swift in Sources */ = {isa = PBXBuildFile; fileRef = FBA373752C4085F900F3D975 /* MessageViewModel.swift */; };
		FBA373802C415D5600F3D975 /* AppIcons.xcassets in Resources */ = {isa = PBXBuildFile; fileRef = FBA3737F2C415D5600F3D975 /* AppIcons.xcassets */; };
		FBA373822C41630300F3D975 /* IconAppView.swift in Sources */ = {isa = PBXBuildFile; fileRef = FBA373812C41630300F3D975 /* IconAppView.swift */; };
		FBAFBE622CA1859700A9EEC4 /* GlobalMessageInput.swift in Sources */ = {isa = PBXBuildFile; fileRef = FBAFBE612CA1859700A9EEC4 /* GlobalMessageInput.swift */; };
		FBB1D3DF2C874E14004FBCF1 /* NetworkError.swift in Sources */ = {isa = PBXBuildFile; fileRef = FBB1D3DE2C874E13004FBCF1 /* NetworkError.swift */; };
		FBBB7EF42C777CFF001BB806 /* FriendChatView.swift in Sources */ = {isa = PBXBuildFile; fileRef = FBBB7EF32C777CFF001BB806 /* FriendChatView.swift */; };
		FBBB7EF62C777DDA001BB806 /* MessageInput.swift in Sources */ = {isa = PBXBuildFile; fileRef = FBBB7EF52C777DDA001BB806 /* MessageInput.swift */; };
		FBBB7EF82C7787CC001BB806 /* AvatarImagePicker.swift in Sources */ = {isa = PBXBuildFile; fileRef = FBBB7EF72C7787CB001BB806 /* AvatarImagePicker.swift */; };
		FBC994BE2C6CE8A0006BA6E5 /* benzin-extrabold.ttf in Resources */ = {isa = PBXBuildFile; fileRef = FB5AF7CD2C6CE1D300956907 /* benzin-extrabold.ttf */; };
		FBC994C02C6D14B1006BA6E5 /* LoadingView.swift in Sources */ = {isa = PBXBuildFile; fileRef = FBC994BF2C6D14B1006BA6E5 /* LoadingView.swift */; };
		FBC994C22C6D159C006BA6E5 /* ViewState.swift in Sources */ = {isa = PBXBuildFile; fileRef = FBC994C12C6D159C006BA6E5 /* ViewState.swift */; };
		FBC994C52C6DCF3C006BA6E5 /* RequestResult.swift in Sources */ = {isa = PBXBuildFile; fileRef = FBC994C42C6DCF3C006BA6E5 /* RequestResult.swift */; };
		FBC994C72C6DD4BB006BA6E5 /* CustomActivityIndicator.swift in Sources */ = {isa = PBXBuildFile; fileRef = FBC994C62C6DD4BB006BA6E5 /* CustomActivityIndicator.swift */; };
		FBC994C92C6DE76D006BA6E5 /* UserProfileView.swift in Sources */ = {isa = PBXBuildFile; fileRef = FBC994C82C6DE76D006BA6E5 /* UserProfileView.swift */; };
		FBC99B172C9EC6D700DF4CC1 /* RegisterEnum.swift in Sources */ = {isa = PBXBuildFile; fileRef = FBC99B162C9EC6D700DF4CC1 /* RegisterEnum.swift */; };
		FBC99B192C9EE20100DF4CC1 /* InvalidInputFormatErrorView.swift in Sources */ = {isa = PBXBuildFile; fileRef = FBC99B182C9EE20100DF4CC1 /* InvalidInputFormatErrorView.swift */; };
		FBC99B1B2C9EE2D200DF4CC1 /* AccountAlreadyExistsErrorView.swift in Sources */ = {isa = PBXBuildFile; fileRef = FBC99B1A2C9EE2D200DF4CC1 /* AccountAlreadyExistsErrorView.swift */; };
		FBC99B1D2C9EE38400DF4CC1 /* FailureRegErrorView.swift in Sources */ = {isa = PBXBuildFile; fileRef = FBC99B1C2C9EE38400DF4CC1 /* FailureRegErrorView.swift */; };
		FBC99B1F2C9EE65F00DF4CC1 /* IncorrectPasswordErrorView.swift in Sources */ = {isa = PBXBuildFile; fileRef = FBC99B1E2C9EE65F00DF4CC1 /* IncorrectPasswordErrorView.swift */; };
		FBC99B212C9EE76B00DF4CC1 /* DataNotFoundErrorView.swift in Sources */ = {isa = PBXBuildFile; fileRef = FBC99B202C9EE76B00DF4CC1 /* DataNotFoundErrorView.swift */; };
		FBD3D2BE2C7E7B87007C16D0 /* FriendsView.swift in Sources */ = {isa = PBXBuildFile; fileRef = FBD3D2BD2C7E7B87007C16D0 /* FriendsView.swift */; };
		FBD5E43F2C7CDDD900435667 /* CustomImageView.swift in Sources */ = {isa = PBXBuildFile; fileRef = FBD5E43E2C7CDDD900435667 /* CustomImageView.swift */; };
		FBD5E4412C7CE27700435667 /* ImageModel.swift in Sources */ = {isa = PBXBuildFile; fileRef = FBD5E4402C7CE27700435667 /* ImageModel.swift */; };
		FBE5C1752C4A65E9009DF8E3 /* Alamofire in Frameworks */ = {isa = PBXBuildFile; productRef = FBE5C1742C4A65E9009DF8E3 /* Alamofire */; };
		FBF5E0112C8E41180077393C /* EmailСonfirmation.swift in Sources */ = {isa = PBXBuildFile; fileRef = FBF5E0102C8E41180077393C /* EmailСonfirmation.swift */; };
		FBF5FC362CA1B96E00E6B879 /* CalendarEnum.swift in Sources */ = {isa = PBXBuildFile; fileRef = FBF5FC352CA1B96E00E6B879 /* CalendarEnum.swift */; };
		FBF5FC382CA2B3C200E6B879 /* ResponseData.swift in Sources */ = {isa = PBXBuildFile; fileRef = FBF5FC372CA2B3C200E6B879 /* ResponseData.swift */; };
		FBF5FC3A2CA2B78900E6B879 /* Settings.swift in Sources */ = {isa = PBXBuildFile; fileRef = FBF5FC392CA2B78900E6B879 /* Settings.swift */; };
		FBF5FC3C2CA2BFCC00E6B879 /* SettingsEnum.swift in Sources */ = {isa = PBXBuildFile; fileRef = FBF5FC3B2CA2BFCC00E6B879 /* SettingsEnum.swift */; };
		FBF5FC3E2CA2C3BC00E6B879 /* CustomDimActivityIndicator.swift in Sources */ = {isa = PBXBuildFile; fileRef = FBF5FC3D2CA2C3BC00E6B879 /* CustomDimActivityIndicator.swift */; };
		FBF5FC402CA2CE8000E6B879 /* WebSocketEnum.swift in Sources */ = {isa = PBXBuildFile; fileRef = FBF5FC3F2CA2CE8000E6B879 /* WebSocketEnum.swift */; };
/* End PBXBuildFile section */

/* Begin PBXCopyFilesBuildPhase section */
		FB1FB7312C23813B0082E710 /* Embed Frameworks */ = {
			isa = PBXCopyFilesBuildPhase;
			buildActionMask = 2147483647;
			dstPath = "";
			dstSubfolderSpec = 10;
			files = (
			);
			name = "Embed Frameworks";
			runOnlyForDeploymentPostprocessing = 0;
		};
/* End PBXCopyFilesBuildPhase section */

/* Begin PBXFileReference section */
		FB0E180C2C9A3E1B00807B3F /* GlobalChatView.swift */ = {isa = PBXFileReference; lastKnownFileType = sourcecode.swift; path = GlobalChatView.swift; sourceTree = "<group>"; };
		FB0E180E2C9A59A300807B3F /* GroupMessage.swift */ = {isa = PBXFileReference; lastKnownFileType = sourcecode.swift; path = GroupMessage.swift; sourceTree = "<group>"; };
		FB0E18102C9A646100807B3F /* ChangeDateView.swift */ = {isa = PBXFileReference; lastKnownFileType = sourcecode.swift; path = ChangeDateView.swift; sourceTree = "<group>"; };
		FB10F9D12C39DED20073E030 /* AuthView.swift */ = {isa = PBXFileReference; lastKnownFileType = sourcecode.swift; path = AuthView.swift; sourceTree = "<group>"; };
		FB10F9D52C3C090E0073E030 /* DMBapp.app */ = {isa = PBXFileReference; explicitFileType = wrapper.application; includeInIndex = 0; path = DMBapp.app; sourceTree = BUILT_PRODUCTS_DIR; };
		FB10F9D72C3C388C0073E030 /* ImagePicker.swift */ = {isa = PBXFileReference; lastKnownFileType = sourcecode.swift; path = ImagePicker.swift; sourceTree = "<group>"; };
		FB10F9D92C3EA8A10073E030 /* NameView.swift */ = {isa = PBXFileReference; lastKnownFileType = sourcecode.swift; path = NameView.swift; sourceTree = "<group>"; };
		FB2E19672C7A219500182F82 /* FriendMessage.swift */ = {isa = PBXFileReference; lastKnownFileType = sourcecode.swift; path = FriendMessage.swift; sourceTree = "<group>"; };
		FB3DF7582BFF4B74005CC7AB /* HomeView.swift */ = {isa = PBXFileReference; lastKnownFileType = sourcecode.swift; path = HomeView.swift; sourceTree = "<group>"; };
		FB3DF75A2BFF4BE2005CC7AB /* StatusView.swift */ = {isa = PBXFileReference; lastKnownFileType = sourcecode.swift; path = StatusView.swift; sourceTree = "<group>"; };
		FB3DF75E2BFF5060005CC7AB /* DateView.swift */ = {isa = PBXFileReference; lastKnownFileType = sourcecode.swift; path = DateView.swift; sourceTree = "<group>"; };
		FB3DF7612BFF7308005CC7AB /* CustomTabBar.swift */ = {isa = PBXFileReference; lastKnownFileType = sourcecode.swift; path = CustomTabBar.swift; sourceTree = "<group>"; };
		FB3DF7752C012D70005CC7AB /* RegisterViewModel.swift */ = {isa = PBXFileReference; lastKnownFileType = sourcecode.swift; path = RegisterViewModel.swift; sourceTree = "<group>"; };
		FB3DF7982C013A2D005CC7AB /* MessageView.swift */ = {isa = PBXFileReference; lastKnownFileType = sourcecode.swift; path = MessageView.swift; sourceTree = "<group>"; };
		FB3DF79A2C013A41005CC7AB /* CalendarView.swift */ = {isa = PBXFileReference; lastKnownFileType = sourcecode.swift; path = CalendarView.swift; sourceTree = "<group>"; };
		FB3DF79C2C01417B005CC7AB /* ProgressLineView.swift */ = {isa = PBXFileReference; lastKnownFileType = sourcecode.swift; path = ProgressLineView.swift; sourceTree = "<group>"; };
		FB3DF79F2C01517A005CC7AB /* Date.swift */ = {isa = PBXFileReference; lastKnownFileType = sourcecode.swift; path = Date.swift; sourceTree = "<group>"; };
		FB3DF7A12C033B60005CC7AB /* ProgressSheetView.swift */ = {isa = PBXFileReference; lastKnownFileType = sourcecode.swift; path = ProgressSheetView.swift; sourceTree = "<group>"; };
		FB3DF7A32C033E9C005CC7AB /* DemobilizationTimeView.swift */ = {isa = PBXFileReference; lastKnownFileType = sourcecode.swift; path = DemobilizationTimeView.swift; sourceTree = "<group>"; };
		FB4378062C99C062000C8727 /* HomeEnum.swift */ = {isa = PBXFileReference; lastKnownFileType = sourcecode.swift; path = HomeEnum.swift; sourceTree = "<group>"; };
		FB4378082C99E9DF000C8727 /* GlobalChat.swift */ = {isa = PBXFileReference; lastKnownFileType = sourcecode.swift; path = GlobalChat.swift; sourceTree = "<group>"; };
		FB43780A2C9A1C98000C8727 /* ChatResponse.swift */ = {isa = PBXFileReference; lastKnownFileType = sourcecode.swift; path = ChatResponse.swift; sourceTree = "<group>"; };
		FB4CF3C02BF00C5D003CAFF4 /* DMBappApp.swift */ = {isa = PBXFileReference; lastKnownFileType = sourcecode.swift; path = DMBappApp.swift; sourceTree = "<group>"; };
		FB4CF3C42BF00C5F003CAFF4 /* Assets.xcassets */ = {isa = PBXFileReference; lastKnownFileType = folder.assetcatalog; path = Assets.xcassets; sourceTree = "<group>"; };
		FB4CF3C72BF00C5F003CAFF4 /* Preview Assets.xcassets */ = {isa = PBXFileReference; lastKnownFileType = folder.assetcatalog; path = "Preview Assets.xcassets"; sourceTree = "<group>"; };
		FB4CF3CE2BF00DCC003CAFF4 /* LaunchScreen.storyboard */ = {isa = PBXFileReference; lastKnownFileType = file.storyboard; path = LaunchScreen.storyboard; sourceTree = "<group>"; };
		FB4CF3D02BF01043003CAFF4 /* Info.plist */ = {isa = PBXFileReference; lastKnownFileType = text.plist.xml; path = Info.plist; sourceTree = "<group>"; };
		FB5AF7C42C6CE19600956907 /* NetworkManager.swift */ = {isa = PBXFileReference; fileEncoding = 4; lastKnownFileType = sourcecode.swift; path = NetworkManager.swift; sourceTree = "<group>"; };
		FB5AF7C82C6CE1A700956907 /* KeychainManager.swift */ = {isa = PBXFileReference; fileEncoding = 4; lastKnownFileType = sourcecode.swift; path = KeychainManager.swift; sourceTree = "<group>"; };
		FB5AF7CD2C6CE1D300956907 /* benzin-extrabold.ttf */ = {isa = PBXFileReference; lastKnownFileType = file; path = "benzin-extrabold.ttf"; sourceTree = "<group>"; };
		FB5AF7CE2C6CE33B00956907 /* Day.swift */ = {isa = PBXFileReference; fileEncoding = 4; lastKnownFileType = sourcecode.swift; path = Day.swift; sourceTree = "<group>"; };
		FB5AF7CF2C6CE33B00956907 /* UserData.swift */ = {isa = PBXFileReference; fileEncoding = 4; lastKnownFileType = sourcecode.swift; path = UserData.swift; sourceTree = "<group>"; };
		FB5AF7D02C6CE33B00956907 /* EventData.swift */ = {isa = PBXFileReference; fileEncoding = 4; lastKnownFileType = sourcecode.swift; path = EventData.swift; sourceTree = "<group>"; };
		FB5AF7D12C6CE33B00956907 /* Error.swift */ = {isa = PBXFileReference; fileEncoding = 4; lastKnownFileType = sourcecode.swift; path = Error.swift; sourceTree = "<group>"; };
		FB5AF7D22C6CE33B00956907 /* UserTimer.swift */ = {isa = PBXFileReference; fileEncoding = 4; lastKnownFileType = sourcecode.swift; path = UserTimer.swift; sourceTree = "<group>"; };
		FB5AF7D32C6CE33B00956907 /* Authorization.swift */ = {isa = PBXFileReference; fileEncoding = 4; lastKnownFileType = sourcecode.swift; path = Authorization.swift; sourceTree = "<group>"; };
		FB5AF7D42C6CE33B00956907 /* Account.swift */ = {isa = PBXFileReference; fileEncoding = 4; lastKnownFileType = sourcecode.swift; path = Account.swift; sourceTree = "<group>"; };
		FB5AF7D52C6CE33B00956907 /* User.swift */ = {isa = PBXFileReference; fileEncoding = 4; lastKnownFileType = sourcecode.swift; path = User.swift; sourceTree = "<group>"; };
		FB5AF7DE2C6CE5CE00956907 /* Int64.swift */ = {isa = PBXFileReference; fileEncoding = 4; lastKnownFileType = sourcecode.swift; path = Int64.swift; sourceTree = "<group>"; };
		FB5D307A2C9791F8008AC973 /* MessageImageView.swift */ = {isa = PBXFileReference; lastKnownFileType = sourcecode.swift; path = MessageImageView.swift; sourceTree = "<group>"; };
		FB5D307C2C97959E008AC973 /* UIImage.swift */ = {isa = PBXFileReference; lastKnownFileType = sourcecode.swift; path = UIImage.swift; sourceTree = "<group>"; };
		FB618A732C7916DB004B9C3D /* DMBapp.entitlements */ = {isa = PBXFileReference; lastKnownFileType = text.plist.entitlements; path = DMBapp.entitlements; sourceTree = "<group>"; };
		FB6A16AE2C887D1600A23787 /* Chat.swift */ = {isa = PBXFileReference; lastKnownFileType = sourcecode.swift; path = Chat.swift; sourceTree = "<group>"; };
		FB6A16B02C88987200A23787 /* SocketMessage.swift */ = {isa = PBXFileReference; lastKnownFileType = sourcecode.swift; path = SocketMessage.swift; sourceTree = "<group>"; };
		FB715BB92C2B171E00071C09 /* CoreDataModel.xcdatamodel */ = {isa = PBXFileReference; lastKnownFileType = wrapper.xcdatamodel; path = CoreDataModel.xcdatamodel; sourceTree = "<group>"; };
		FB715BBB2C2B17D300071C09 /* CoreDataManager.swift */ = {isa = PBXFileReference; lastKnownFileType = sourcecode.swift; path = CoreDataManager.swift; sourceTree = "<group>"; };
		FB715BBD2C2C744200071C09 /* GoogleService-Info.plist */ = {isa = PBXFileReference; fileEncoding = 4; lastKnownFileType = text.plist.xml; path = "GoogleService-Info.plist"; sourceTree = "<group>"; };
		FB715BCA2C2C778900071C09 /* RegisterView.swift */ = {isa = PBXFileReference; lastKnownFileType = sourcecode.swift; path = RegisterView.swift; sourceTree = "<group>"; };
		FB737C772C185FE200A0225F /* CustomAddButton.swift */ = {isa = PBXFileReference; lastKnownFileType = sourcecode.swift; path = CustomAddButton.swift; sourceTree = "<group>"; };
		FB737C792C18630000A0225F /* EventsList.swift */ = {isa = PBXFileReference; lastKnownFileType = sourcecode.swift; path = EventsList.swift; sourceTree = "<group>"; };
		FB737C7B2C18636900A0225F /* CalendarViewModel.swift */ = {isa = PBXFileReference; lastKnownFileType = sourcecode.swift; path = CalendarViewModel.swift; sourceTree = "<group>"; };
		FB737C992C1A3FD300A0225F /* LanguageView.swift */ = {isa = PBXFileReference; lastKnownFileType = sourcecode.swift; path = LanguageView.swift; sourceTree = "<group>"; };
		FB737C9E2C1B067800A0225F /* DimBackgroundView.swift */ = {isa = PBXFileReference; lastKnownFileType = sourcecode.swift; path = DimBackgroundView.swift; sourceTree = "<group>"; };
		FB737CA02C1B0AA900A0225F /* SettingsViewModel.swift */ = {isa = PBXFileReference; lastKnownFileType = sourcecode.swift; path = SettingsViewModel.swift; sourceTree = "<group>"; };
		FB737CA22C1B211500A0225F /* NewEventView.swift */ = {isa = PBXFileReference; lastKnownFileType = sourcecode.swift; path = NewEventView.swift; sourceTree = "<group>"; };
		FB7D135C2C14EE8400E1E5E1 /* CustomCalendar.swift */ = {isa = PBXFileReference; lastKnownFileType = sourcecode.swift; path = CustomCalendar.swift; sourceTree = "<group>"; };
		FB7D135E2C14FD0400E1E5E1 /* CustomMessageSearchBar.swift */ = {isa = PBXFileReference; lastKnownFileType = sourcecode.swift; path = CustomMessageSearchBar.swift; sourceTree = "<group>"; };
		FB7D13622C1740F100E1E5E1 /* Double.swift */ = {isa = PBXFileReference; lastKnownFileType = sourcecode.swift; path = Double.swift; sourceTree = "<group>"; };
		FB826B432C903FBA00A14282 /*  UseTermsView.swift */ = {isa = PBXFileReference; lastKnownFileType = sourcecode.swift; path = " UseTermsView.swift"; sourceTree = "<group>"; };
		FB8445C02BFE25F6006DE143 /* Montserrat.ttf */ = {isa = PBXFileReference; lastKnownFileType = file; path = Montserrat.ttf; sourceTree = "<group>"; };
		FB8D68702C13B16400C5C18C /* HomeViewModel.swift */ = {isa = PBXFileReference; lastKnownFileType = sourcecode.swift; path = HomeViewModel.swift; sourceTree = "<group>"; };
		FB8D68722C13CFFC00C5C18C /* Int.swift */ = {isa = PBXFileReference; lastKnownFileType = sourcecode.swift; path = Int.swift; sourceTree = "<group>"; };
		FB8D68742C1470BC00C5C18C /* UserDefaultsManager.swift */ = {isa = PBXFileReference; lastKnownFileType = sourcecode.swift; path = UserDefaultsManager.swift; sourceTree = "<group>"; };
		FB8D68782C1487A600C5C18C /* SettingsView.swift */ = {isa = PBXFileReference; lastKnownFileType = sourcecode.swift; path = SettingsView.swift; sourceTree = "<group>"; };
		FB8D687B2C148A6600C5C18C /* benzin-regular.ttf */ = {isa = PBXFileReference; lastKnownFileType = file; path = "benzin-regular.ttf"; sourceTree = "<group>"; };
		FB8F01302C72AC3700B7A704 /* UserCardView.swift */ = {isa = PBXFileReference; lastKnownFileType = sourcecode.swift; path = UserCardView.swift; sourceTree = "<group>"; };
		FB8F01342C73C1F900B7A704 /* CustomHomeSearchBar.swift */ = {isa = PBXFileReference; fileEncoding = 4; lastKnownFileType = sourcecode.swift; path = CustomHomeSearchBar.swift; sourceTree = "<group>"; };
		FB8F01362C75233400B7A704 /* RecieverUser.swift */ = {isa = PBXFileReference; lastKnownFileType = sourcecode.swift; path = RecieverUser.swift; sourceTree = "<group>"; };
		FB8F01382C7528A000B7A704 /* SenderUser.swift */ = {isa = PBXFileReference; lastKnownFileType = sourcecode.swift; path = SenderUser.swift; sourceTree = "<group>"; };
		FB8F013A2C76028200B7A704 /* FriendshipInvitesView.swift */ = {isa = PBXFileReference; lastKnownFileType = sourcecode.swift; path = FriendshipInvitesView.swift; sourceTree = "<group>"; };
		FB93D3752C9E2D5F00C1E171 /* NickNameIsTakenErrorView.swift */ = {isa = PBXFileReference; lastKnownFileType = sourcecode.swift; path = NickNameIsTakenErrorView.swift; sourceTree = "<group>"; };
		FBA373732C4064B500F3D975 /* String.swift */ = {isa = PBXFileReference; lastKnownFileType = sourcecode.swift; path = String.swift; sourceTree = "<group>"; };
		FBA373752C4085F900F3D975 /* MessageViewModel.swift */ = {isa = PBXFileReference; lastKnownFileType = sourcecode.swift; path = MessageViewModel.swift; sourceTree = "<group>"; };
		FBA3737F2C415D5600F3D975 /* AppIcons.xcassets */ = {isa = PBXFileReference; lastKnownFileType = folder.assetcatalog; path = AppIcons.xcassets; sourceTree = "<group>"; };
		FBA373812C41630300F3D975 /* IconAppView.swift */ = {isa = PBXFileReference; lastKnownFileType = sourcecode.swift; path = IconAppView.swift; sourceTree = "<group>"; };
		FBAFBE612CA1859700A9EEC4 /* GlobalMessageInput.swift */ = {isa = PBXFileReference; lastKnownFileType = sourcecode.swift; path = GlobalMessageInput.swift; sourceTree = "<group>"; };
		FBB1D3DE2C874E13004FBCF1 /* NetworkError.swift */ = {isa = PBXFileReference; lastKnownFileType = sourcecode.swift; path = NetworkError.swift; sourceTree = "<group>"; };
		FBBB7EF32C777CFF001BB806 /* FriendChatView.swift */ = {isa = PBXFileReference; lastKnownFileType = sourcecode.swift; path = FriendChatView.swift; sourceTree = "<group>"; };
		FBBB7EF52C777DDA001BB806 /* MessageInput.swift */ = {isa = PBXFileReference; fileEncoding = 4; lastKnownFileType = sourcecode.swift; path = MessageInput.swift; sourceTree = "<group>"; };
		FBBB7EF72C7787CB001BB806 /* AvatarImagePicker.swift */ = {isa = PBXFileReference; lastKnownFileType = sourcecode.swift; path = AvatarImagePicker.swift; sourceTree = "<group>"; };
		FBC994BF2C6D14B1006BA6E5 /* LoadingView.swift */ = {isa = PBXFileReference; fileEncoding = 4; lastKnownFileType = sourcecode.swift; path = LoadingView.swift; sourceTree = "<group>"; };
		FBC994C12C6D159C006BA6E5 /* ViewState.swift */ = {isa = PBXFileReference; lastKnownFileType = sourcecode.swift; path = ViewState.swift; sourceTree = "<group>"; };
		FBC994C42C6DCF3C006BA6E5 /* RequestResult.swift */ = {isa = PBXFileReference; lastKnownFileType = sourcecode.swift; path = RequestResult.swift; sourceTree = "<group>"; };
		FBC994C62C6DD4BB006BA6E5 /* CustomActivityIndicator.swift */ = {isa = PBXFileReference; fileEncoding = 4; lastKnownFileType = sourcecode.swift; path = CustomActivityIndicator.swift; sourceTree = "<group>"; };
		FBC994C82C6DE76D006BA6E5 /* UserProfileView.swift */ = {isa = PBXFileReference; fileEncoding = 4; lastKnownFileType = sourcecode.swift; path = UserProfileView.swift; sourceTree = "<group>"; };
		FBC99B162C9EC6D700DF4CC1 /* RegisterEnum.swift */ = {isa = PBXFileReference; lastKnownFileType = sourcecode.swift; path = RegisterEnum.swift; sourceTree = "<group>"; };
		FBC99B182C9EE20100DF4CC1 /* InvalidInputFormatErrorView.swift */ = {isa = PBXFileReference; lastKnownFileType = sourcecode.swift; path = InvalidInputFormatErrorView.swift; sourceTree = "<group>"; };
		FBC99B1A2C9EE2D200DF4CC1 /* AccountAlreadyExistsErrorView.swift */ = {isa = PBXFileReference; lastKnownFileType = sourcecode.swift; path = AccountAlreadyExistsErrorView.swift; sourceTree = "<group>"; };
		FBC99B1C2C9EE38400DF4CC1 /* FailureRegErrorView.swift */ = {isa = PBXFileReference; lastKnownFileType = sourcecode.swift; path = FailureRegErrorView.swift; sourceTree = "<group>"; };
		FBC99B1E2C9EE65F00DF4CC1 /* IncorrectPasswordErrorView.swift */ = {isa = PBXFileReference; lastKnownFileType = sourcecode.swift; path = IncorrectPasswordErrorView.swift; sourceTree = "<group>"; };
		FBC99B202C9EE76B00DF4CC1 /* DataNotFoundErrorView.swift */ = {isa = PBXFileReference; lastKnownFileType = sourcecode.swift; path = DataNotFoundErrorView.swift; sourceTree = "<group>"; };
		FBD3D2BD2C7E7B87007C16D0 /* FriendsView.swift */ = {isa = PBXFileReference; fileEncoding = 4; lastKnownFileType = sourcecode.swift; path = FriendsView.swift; sourceTree = "<group>"; };
		FBD5E43E2C7CDDD900435667 /* CustomImageView.swift */ = {isa = PBXFileReference; lastKnownFileType = sourcecode.swift; path = CustomImageView.swift; sourceTree = "<group>"; };
		FBD5E4402C7CE27700435667 /* ImageModel.swift */ = {isa = PBXFileReference; lastKnownFileType = sourcecode.swift; path = ImageModel.swift; sourceTree = "<group>"; };
		FBF5E0102C8E41180077393C /* EmailСonfirmation.swift */ = {isa = PBXFileReference; lastKnownFileType = sourcecode.swift; path = "EmailСonfirmation.swift"; sourceTree = "<group>"; };
		FBF5FC352CA1B96E00E6B879 /* CalendarEnum.swift */ = {isa = PBXFileReference; lastKnownFileType = sourcecode.swift; path = CalendarEnum.swift; sourceTree = "<group>"; };
		FBF5FC372CA2B3C200E6B879 /* ResponseData.swift */ = {isa = PBXFileReference; lastKnownFileType = sourcecode.swift; path = ResponseData.swift; sourceTree = "<group>"; };
		FBF5FC392CA2B78900E6B879 /* Settings.swift */ = {isa = PBXFileReference; lastKnownFileType = sourcecode.swift; path = Settings.swift; sourceTree = "<group>"; };
		FBF5FC3B2CA2BFCC00E6B879 /* SettingsEnum.swift */ = {isa = PBXFileReference; lastKnownFileType = sourcecode.swift; path = SettingsEnum.swift; sourceTree = "<group>"; };
		FBF5FC3D2CA2C3BC00E6B879 /* CustomDimActivityIndicator.swift */ = {isa = PBXFileReference; lastKnownFileType = sourcecode.swift; path = CustomDimActivityIndicator.swift; sourceTree = "<group>"; };
		FBF5FC3F2CA2CE8000E6B879 /* WebSocketEnum.swift */ = {isa = PBXFileReference; lastKnownFileType = sourcecode.swift; path = WebSocketEnum.swift; sourceTree = "<group>"; };
/* End PBXFileReference section */

/* Begin PBXFrameworksBuildPhase section */
		FB4CF3BA2BF00C5D003CAFF4 /* Frameworks */ = {
			isa = PBXFrameworksBuildPhase;
			buildActionMask = 2147483647;
			files = (
				FBE5C1752C4A65E9009DF8E3 /* Alamofire in Frameworks */,
				FB6A16B42C88F9E600A23787 /* AnyCodable in Frameworks */,
				FB5AF7CC2C6CE1B400956907 /* Starscream in Frameworks */,
			);
			runOnlyForDeploymentPostprocessing = 0;
		};
/* End PBXFrameworksBuildPhase section */

/* Begin PBXGroup section */
		FB10F9D62C3C1B410073E030 /* App */ = {
			isa = PBXGroup;
			children = (
				FB4CF3C02BF00C5D003CAFF4 /* DMBappApp.swift */,
				FBC994BF2C6D14B1006BA6E5 /* LoadingView.swift */,
			);
			path = App;
			sourceTree = "<group>";
		};
		FB3DF7602BFF72D1005CC7AB /* Components */ = {
			isa = PBXGroup;
			children = (
				FB93D3742C9E2D2B00C1E171 /* ErrorsView */,
				FBC994C62C6DD4BB006BA6E5 /* CustomActivityIndicator.swift */,
				FBF5FC3D2CA2C3BC00E6B879 /* CustomDimActivityIndicator.swift */,
				FBD5E43E2C7CDDD900435667 /* CustomImageView.swift */,
				FB3DF7612BFF7308005CC7AB /* CustomTabBar.swift */,
				FB737C9B2C1A6C2A00A0225F /* HomeView */,
				FB737C9C2C1A6C5A00A0225F /* Message */,
				FB737C9D2C1A6C8400A0225F /* Calendar */,
			);
			path = Components;
			sourceTree = "<group>";
		};
		FB3DF7682BFFA895005CC7AB /* Some Managers */ = {
			isa = PBXGroup;
			children = (
				FB5AF7C42C6CE19600956907 /* NetworkManager.swift */,
				FB5AF7C82C6CE1A700956907 /* KeychainManager.swift */,
				FB8D68742C1470BC00C5C18C /* UserDefaultsManager.swift */,
				FB715BBB2C2B17D300071C09 /* CoreDataManager.swift */,
			);
			path = "Some Managers";
			sourceTree = "<group>";
		};
		FB3DF79E2C01516E005CC7AB /* Extentions */ = {
			isa = PBXGroup;
			children = (
				FB3DF79F2C01517A005CC7AB /* Date.swift */,
				FB5AF7DE2C6CE5CE00956907 /* Int64.swift */,
				FB8D68722C13CFFC00C5C18C /* Int.swift */,
				FB7D13622C1740F100E1E5E1 /* Double.swift */,
				FBA373732C4064B500F3D975 /* String.swift */,
				FB5D307C2C97959E008AC973 /* UIImage.swift */,
				FBF5FC372CA2B3C200E6B879 /* ResponseData.swift */,
			);
			path = Extentions;
			sourceTree = "<group>";
		};
		FB47ADB22C1CEDD40053A68E /* UsersVerify */ = {
			isa = PBXGroup;
			children = (
				FB3DF75A2BFF4BE2005CC7AB /* StatusView.swift */,
				FB3DF75E2BFF5060005CC7AB /* DateView.swift */,
			);
			path = UsersVerify;
			sourceTree = "<group>";
		};
		FB47ADB32C1CEE2D0053A68E /* Settings */ = {
			isa = PBXGroup;
			children = (
				FB8D68782C1487A600C5C18C /* SettingsView.swift */,
				FB0E18102C9A646100807B3F /* ChangeDateView.swift */,
				FB737C9E2C1B067800A0225F /* DimBackgroundView.swift */,
				FB737C992C1A3FD300A0225F /* LanguageView.swift */,
				FBA373812C41630300F3D975 /* IconAppView.swift */,
			);
			path = Settings;
			sourceTree = "<group>";
		};
		FB4CF3B42BF00C5D003CAFF4 = {
			isa = PBXGroup;
			children = (
				FB4CF3BF2BF00C5D003CAFF4 /* DMBapp */,
				FB10F9D52C3C090E0073E030 /* DMBapp.app */,
			);
			sourceTree = "<group>";
		};
		FB4CF3BF2BF00C5D003CAFF4 /* DMBapp */ = {
			isa = PBXGroup;
			children = (
				FB10F9D62C3C1B410073E030 /* App */,
				FBC994C32C6D1772006BA6E5 /* Enums */,
				FB3DF79E2C01516E005CC7AB /* Extentions */,
				FB3DF7682BFFA895005CC7AB /* Some Managers */,
				FB8445C32BFE3049006DE143 /* Models */,
				FB8445C42BFE304F006DE143 /* ViewModels */,
				FB8445C22BFE3011006DE143 /* Views */,
				FB4CF3D12BF011AE003CAFF4 /* Resources */,
				FB4CF3C62BF00C5F003CAFF4 /* Preview Content */,
				FB618A732C7916DB004B9C3D /* DMBapp.entitlements */,
			);
			path = DMBapp;
			sourceTree = "<group>";
		};
		FB4CF3C62BF00C5F003CAFF4 /* Preview Content */ = {
			isa = PBXGroup;
			children = (
				FB4CF3C72BF00C5F003CAFF4 /* Preview Assets.xcassets */,
			);
			path = "Preview Content";
			sourceTree = "<group>";
		};
		FB4CF3D12BF011AE003CAFF4 /* Resources */ = {
			isa = PBXGroup;
			children = (
				FB5A01322BF8BE4000FF80A1 /* Fonts */,
				FB715BB82C2B171E00071C09 /* CoreDataModel.xcdatamodeld */,
				FB715BBD2C2C744200071C09 /* GoogleService-Info.plist */,
				FB4CF3D02BF01043003CAFF4 /* Info.plist */,
				FB4CF3CE2BF00DCC003CAFF4 /* LaunchScreen.storyboard */,
				FBA3737F2C415D5600F3D975 /* AppIcons.xcassets */,
				FB4CF3C42BF00C5F003CAFF4 /* Assets.xcassets */,
			);
			path = Resources;
			sourceTree = "<group>";
		};
		FB5A01322BF8BE4000FF80A1 /* Fonts */ = {
			isa = PBXGroup;
			children = (
				FB8445C02BFE25F6006DE143 /* Montserrat.ttf */,
				FB5AF7CD2C6CE1D300956907 /* benzin-extrabold.ttf */,
				FB8D687B2C148A6600C5C18C /* benzin-regular.ttf */,
			);
			path = Fonts;
			sourceTree = "<group>";
		};
		FB737C9B2C1A6C2A00A0225F /* HomeView */ = {
			isa = PBXGroup;
			children = (
				FB8F01342C73C1F900B7A704 /* CustomHomeSearchBar.swift */,
				FB3DF7A32C033E9C005CC7AB /* DemobilizationTimeView.swift */,
				FB3DF79C2C01417B005CC7AB /* ProgressLineView.swift */,
				FB3DF7A12C033B60005CC7AB /* ProgressSheetView.swift */,
			);
			path = HomeView;
			sourceTree = "<group>";
		};
		FB737C9C2C1A6C5A00A0225F /* Message */ = {
			isa = PBXGroup;
			children = (
				FBBB7EF52C777DDA001BB806 /* MessageInput.swift */,
				FBAFBE612CA1859700A9EEC4 /* GlobalMessageInput.swift */,
				FB5D307A2C9791F8008AC973 /* MessageImageView.swift */,
				FB7D135E2C14FD0400E1E5E1 /* CustomMessageSearchBar.swift */,
			);
			path = Message;
			sourceTree = "<group>";
		};
		FB737C9D2C1A6C8400A0225F /* Calendar */ = {
			isa = PBXGroup;
			children = (
				FB7D135C2C14EE8400E1E5E1 /* CustomCalendar.swift */,
				FB737C772C185FE200A0225F /* CustomAddButton.swift */,
				FB737C792C18630000A0225F /* EventsList.swift */,
			);
			path = Calendar;
			sourceTree = "<group>";
		};
		FB8445C22BFE3011006DE143 /* Views */ = {
			isa = PBXGroup;
			children = (
				FB3DF7602BFF72D1005CC7AB /* Components */,
				FB8445C62BFE3125006DE143 /* View */,
				FB8445C52BFE30EF006DE143 /* SignIn + SignOut */,
			);
			path = Views;
			sourceTree = "<group>";
		};
		FB8445C32BFE3049006DE143 /* Models */ = {
			isa = PBXGroup;
			children = (
				FB5AF7D42C6CE33B00956907 /* Account.swift */,
				FB5AF7D32C6CE33B00956907 /* Authorization.swift */,
				FB5AF7CE2C6CE33B00956907 /* Day.swift */,
				FB5AF7D12C6CE33B00956907 /* Error.swift */,
				FB5AF7D02C6CE33B00956907 /* EventData.swift */,
				FB5AF7D52C6CE33B00956907 /* User.swift */,
				FB5AF7CF2C6CE33B00956907 /* UserData.swift */,
				FB5AF7D22C6CE33B00956907 /* UserTimer.swift */,
				FB8F01362C75233400B7A704 /* RecieverUser.swift */,
				FB8F01382C7528A000B7A704 /* SenderUser.swift */,
				FB2E19672C7A219500182F82 /* FriendMessage.swift */,
				FB0E180E2C9A59A300807B3F /* GroupMessage.swift */,
				FB4378082C99E9DF000C8727 /* GlobalChat.swift */,
				FB43780A2C9A1C98000C8727 /* ChatResponse.swift */,
				FBD5E4402C7CE27700435667 /* ImageModel.swift */,
				FBB1D3DE2C874E13004FBCF1 /* NetworkError.swift */,
				FB6A16AE2C887D1600A23787 /* Chat.swift */,
				FB6A16B02C88987200A23787 /* SocketMessage.swift */,
				FBF5FC392CA2B78900E6B879 /* Settings.swift */,
			);
			path = Models;
			sourceTree = "<group>";
		};
		FB8445C42BFE304F006DE143 /* ViewModels */ = {
			isa = PBXGroup;
			children = (
				FB3DF7752C012D70005CC7AB /* RegisterViewModel.swift */,
				FB8D68702C13B16400C5C18C /* HomeViewModel.swift */,
				FBA373752C4085F900F3D975 /* MessageViewModel.swift */,
				FB737C7B2C18636900A0225F /* CalendarViewModel.swift */,
				FB737CA02C1B0AA900A0225F /* SettingsViewModel.swift */,
			);
			path = ViewModels;
			sourceTree = "<group>";
		};
		FB8445C52BFE30EF006DE143 /* SignIn + SignOut */ = {
			isa = PBXGroup;
			children = (
				FB715BCA2C2C778900071C09 /* RegisterView.swift */,
				FB10F9D92C3EA8A10073E030 /* NameView.swift */,
				FB10F9D12C39DED20073E030 /* AuthView.swift */,
				FBF5E0102C8E41180077393C /* EmailСonfirmation.swift */,
			);
			path = "SignIn + SignOut";
			sourceTree = "<group>";
		};
		FB8445C62BFE3125006DE143 /* View */ = {
			isa = PBXGroup;
			children = (
				FBD3D2BC2C7E7AF1007C16D0 /* Home */,
				FB47ADB22C1CEDD40053A68E /* UsersVerify */,
				FB47ADB32C1CEE2D0053A68E /* Settings */,
				FB3DF7982C013A2D005CC7AB /* MessageView.swift */,
				FB0E180C2C9A3E1B00807B3F /* GlobalChatView.swift */,
				FB3DF79A2C013A41005CC7AB /* CalendarView.swift */,
				FB737CA22C1B211500A0225F /* NewEventView.swift */,
				FB10F9D72C3C388C0073E030 /* ImagePicker.swift */,
				FBBB7EF72C7787CB001BB806 /* AvatarImagePicker.swift */,
				FB8F01302C72AC3700B7A704 /* UserCardView.swift */,
				FBBB7EF32C777CFF001BB806 /* FriendChatView.swift */,
				FB826B432C903FBA00A14282 /*  UseTermsView.swift */,
			);
			path = View;
			sourceTree = "<group>";
		};
		FB93D3742C9E2D2B00C1E171 /* ErrorsView */ = {
			isa = PBXGroup;
			children = (
				FB93D3752C9E2D5F00C1E171 /* NickNameIsTakenErrorView.swift */,
				FBC99B182C9EE20100DF4CC1 /* InvalidInputFormatErrorView.swift */,
				FBC99B1A2C9EE2D200DF4CC1 /* AccountAlreadyExistsErrorView.swift */,
				FBC99B1C2C9EE38400DF4CC1 /* FailureRegErrorView.swift */,
				FBC99B1E2C9EE65F00DF4CC1 /* IncorrectPasswordErrorView.swift */,
				FBC99B202C9EE76B00DF4CC1 /* DataNotFoundErrorView.swift */,
			);
			path = ErrorsView;
			sourceTree = "<group>";
		};
		FBC994C32C6D1772006BA6E5 /* Enums */ = {
			isa = PBXGroup;
			children = (
				FBC994C12C6D159C006BA6E5 /* ViewState.swift */,
				FBC994C42C6DCF3C006BA6E5 /* RequestResult.swift */,
				FB4378062C99C062000C8727 /* HomeEnum.swift */,
				FBC99B162C9EC6D700DF4CC1 /* RegisterEnum.swift */,
				FBF5FC352CA1B96E00E6B879 /* CalendarEnum.swift */,
				FBF5FC3B2CA2BFCC00E6B879 /* SettingsEnum.swift */,
				FBF5FC3F2CA2CE8000E6B879 /* WebSocketEnum.swift */,
			);
			path = Enums;
			sourceTree = "<group>";
		};
		FBD3D2BC2C7E7AF1007C16D0 /* Home */ = {
			isa = PBXGroup;
			children = (
				FB3DF7582BFF4B74005CC7AB /* HomeView.swift */,
				FBC994C82C6DE76D006BA6E5 /* UserProfileView.swift */,
				FBD3D2BD2C7E7B87007C16D0 /* FriendsView.swift */,
				FB8F013A2C76028200B7A704 /* FriendshipInvitesView.swift */,
			);
			path = Home;
			sourceTree = "<group>";
		};
/* End PBXGroup section */

/* Begin PBXNativeTarget section */
		FB4CF3BC2BF00C5D003CAFF4 /* DMBapp */ = {
			isa = PBXNativeTarget;
			buildConfigurationList = FB4CF3CB2BF00C5F003CAFF4 /* Build configuration list for PBXNativeTarget "DMBapp" */;
			buildPhases = (
				FB4CF3B92BF00C5D003CAFF4 /* Sources */,
				FB4CF3BA2BF00C5D003CAFF4 /* Frameworks */,
				FB4CF3BB2BF00C5D003CAFF4 /* Resources */,
				FB1FB7312C23813B0082E710 /* Embed Frameworks */,
			);
			buildRules = (
			);
			dependencies = (
			);
			name = DMBapp;
			packageProductDependencies = (
				FBE5C1742C4A65E9009DF8E3 /* Alamofire */,
				FB5AF7CB2C6CE1B400956907 /* Starscream */,
				FB6A16B32C88F9E600A23787 /* AnyCodable */,
			);
			productName = DMBapp;
			productReference = FB10F9D52C3C090E0073E030 /* DMBapp.app */;
			productType = "com.apple.product-type.application";
		};
/* End PBXNativeTarget section */

/* Begin PBXProject section */
		FB4CF3B52BF00C5D003CAFF4 /* Project object */ = {
			isa = PBXProject;
			attributes = {
				BuildIndependentTargetsInParallel = 1;
				LastSwiftUpdateCheck = 1540;
				LastUpgradeCheck = 1540;
				TargetAttributes = {
					FB4CF3BC2BF00C5D003CAFF4 = {
						CreatedOnToolsVersion = 15.3;
					};
				};
			};
			buildConfigurationList = FB4CF3B82BF00C5D003CAFF4 /* Build configuration list for PBXProject "DMBapp" */;
			compatibilityVersion = "Xcode 14.0";
			developmentRegion = ru;
			hasScannedForEncodings = 0;
			knownRegions = (
				en,
				Base,
				ru,
			);
			mainGroup = FB4CF3B42BF00C5D003CAFF4;
			packageReferences = (
				FBE5C1732C4A65E9009DF8E3 /* XCRemoteSwiftPackageReference "Alamofire" */,
				FB5AF7CA2C6CE1B400956907 /* XCRemoteSwiftPackageReference "Starscream" */,
				FB6A16B22C88F9E600A23787 /* XCRemoteSwiftPackageReference "AnyCodable" */,
			);
			productRefGroup = FB4CF3B42BF00C5D003CAFF4;
			projectDirPath = "";
			projectRoot = "";
			targets = (
				FB4CF3BC2BF00C5D003CAFF4 /* DMBapp */,
			);
		};
/* End PBXProject section */

/* Begin PBXResourcesBuildPhase section */
		FB4CF3BB2BF00C5D003CAFF4 /* Resources */ = {
			isa = PBXResourcesBuildPhase;
			buildActionMask = 2147483647;
			files = (
				FBC994BE2C6CE8A0006BA6E5 /* benzin-extrabold.ttf in Resources */,
				FB8445C12BFE25F6006DE143 /* Montserrat.ttf in Resources */,
				FB4CF3CF2BF00DCC003CAFF4 /* LaunchScreen.storyboard in Resources */,
				FBA373802C415D5600F3D975 /* AppIcons.xcassets in Resources */,
				FB8D687C2C148A6600C5C18C /* benzin-regular.ttf in Resources */,
				FB4CF3C82BF00C5F003CAFF4 /* Preview Assets.xcassets in Resources */,
				FB4CF3C52BF00C5F003CAFF4 /* Assets.xcassets in Resources */,
				FB715BBE2C2C744200071C09 /* GoogleService-Info.plist in Resources */,
			);
			runOnlyForDeploymentPostprocessing = 0;
		};
/* End PBXResourcesBuildPhase section */

/* Begin PBXSourcesBuildPhase section */
		FB4CF3B92BF00C5D003CAFF4 /* Sources */ = {
			isa = PBXSourcesBuildPhase;
			buildActionMask = 2147483647;
			files = (
				FBA373742C4064B500F3D975 /* String.swift in Sources */,
				FB8F01372C75233400B7A704 /* RecieverUser.swift in Sources */,
				FBF5FC362CA1B96E00E6B879 /* CalendarEnum.swift in Sources */,
				FBF5FC402CA2CE8000E6B879 /* WebSocketEnum.swift in Sources */,
				FB5D307D2C97959E008AC973 /* UIImage.swift in Sources */,
				FBC99B192C9EE20100DF4CC1 /* InvalidInputFormatErrorView.swift in Sources */,
				FB0E180F2C9A59A300807B3F /* GroupMessage.swift in Sources */,
				FB715BCB2C2C778900071C09 /* RegisterView.swift in Sources */,
				FBF5FC382CA2B3C200E6B879 /* ResponseData.swift in Sources */,
				FB8D68712C13B16400C5C18C /* HomeViewModel.swift in Sources */,
				FB3DF75F2BFF5060005CC7AB /* DateView.swift in Sources */,
				FB7D135F2C14FD0400E1E5E1 /* CustomMessageSearchBar.swift in Sources */,
				FB4378072C99C063000C8727 /* HomeEnum.swift in Sources */,
				FBC99B1F2C9EE65F00DF4CC1 /* IncorrectPasswordErrorView.swift in Sources */,
				FB7D135D2C14EE8400E1E5E1 /* CustomCalendar.swift in Sources */,
				FB737CA12C1B0AA900A0225F /* SettingsViewModel.swift in Sources */,
				FBF5FC3C2CA2BFCC00E6B879 /* SettingsEnum.swift in Sources */,
				FBF5FC3E2CA2C3BC00E6B879 /* CustomDimActivityIndicator.swift in Sources */,
				FB715BBA2C2B171E00071C09 /* CoreDataModel.xcdatamodeld in Sources */,
				FBB1D3DF2C874E14004FBCF1 /* NetworkError.swift in Sources */,
				FB8F01392C7528A000B7A704 /* SenderUser.swift in Sources */,
				FBA373822C41630300F3D975 /* IconAppView.swift in Sources */,
				FBD5E4412C7CE27700435667 /* ImageModel.swift in Sources */,
				FBC994C52C6DCF3C006BA6E5 /* RequestResult.swift in Sources */,
				FBC994C92C6DE76D006BA6E5 /* UserProfileView.swift in Sources */,
				FB3DF7622BFF7308005CC7AB /* CustomTabBar.swift in Sources */,
				FBA373762C4085F900F3D975 /* MessageViewModel.swift in Sources */,
				FB5AF7DF2C6CE5CE00956907 /* Int64.swift in Sources */,
				FBC994C02C6D14B1006BA6E5 /* LoadingView.swift in Sources */,
				FB8F013B2C76028200B7A704 /* FriendshipInvitesView.swift in Sources */,
				FB4378092C99E9DF000C8727 /* GlobalChat.swift in Sources */,
				FB5D307B2C9791F8008AC973 /* MessageImageView.swift in Sources */,
				FBBB7EF42C777CFF001BB806 /* FriendChatView.swift in Sources */,
				FB737CA32C1B211500A0225F /* NewEventView.swift in Sources */,
				FB8D68752C1470BC00C5C18C /* UserDefaultsManager.swift in Sources */,
				FB8D68792C1487A600C5C18C /* SettingsView.swift in Sources */,
				FB6A16B12C88987200A23787 /* SocketMessage.swift in Sources */,
				FBF5E0112C8E41180077393C /* EmailСonfirmation.swift in Sources */,
				FB3DF7992C013A2D005CC7AB /* MessageView.swift in Sources */,
				FB0E18112C9A646100807B3F /* ChangeDateView.swift in Sources */,
				FBAFBE622CA1859700A9EEC4 /* GlobalMessageInput.swift in Sources */,
				FB5AF7DC2C6CE33B00956907 /* Account.swift in Sources */,
				FBBB7EF82C7787CC001BB806 /* AvatarImagePicker.swift in Sources */,
				FB7D13632C1740F100E1E5E1 /* Double.swift in Sources */,
				FB5AF7DB2C6CE33B00956907 /* Authorization.swift in Sources */,
				FBF5FC3A2CA2B78900E6B879 /* Settings.swift in Sources */,
				FB10F9D22C39DED20073E030 /* AuthView.swift in Sources */,
				FB5AF7DD2C6CE33B00956907 /* User.swift in Sources */,
				FBD3D2BE2C7E7B87007C16D0 /* FriendsView.swift in Sources */,
				FB3DF79D2C01417B005CC7AB /* ProgressLineView.swift in Sources */,
				FBC994C72C6DD4BB006BA6E5 /* CustomActivityIndicator.swift in Sources */,
				FB715BBC2C2B17D300071C09 /* CoreDataManager.swift in Sources */,
				FB5AF7D82C6CE33B00956907 /* EventData.swift in Sources */,
				FB737C9A2C1A3FD300A0225F /* LanguageView.swift in Sources */,
				FB3DF7592BFF4B74005CC7AB /* HomeView.swift in Sources */,
				FB5AF7C52C6CE19600956907 /* NetworkManager.swift in Sources */,
				FB737C9F2C1B067800A0225F /* DimBackgroundView.swift in Sources */,
				FB10F9DA2C3EA8A10073E030 /* NameView.swift in Sources */,
				FBC99B1D2C9EE38400DF4CC1 /* FailureRegErrorView.swift in Sources */,
				FB10F9D82C3C388C0073E030 /* ImagePicker.swift in Sources */,
				FBD5E43F2C7CDDD900435667 /* CustomImageView.swift in Sources */,
				FBC994C22C6D159C006BA6E5 /* ViewState.swift in Sources */,
				FB737C782C185FE200A0225F /* CustomAddButton.swift in Sources */,
				FB0E180D2C9A3E1B00807B3F /* GlobalChatView.swift in Sources */,
				FB3DF7A42C033E9C005CC7AB /* DemobilizationTimeView.swift in Sources */,
				FB2E19682C7A219500182F82 /* FriendMessage.swift in Sources */,
				FB5AF7D62C6CE33B00956907 /* Day.swift in Sources */,
				FBBB7EF62C777DDA001BB806 /* MessageInput.swift in Sources */,
				FB8F01312C72AC3700B7A704 /* UserCardView.swift in Sources */,
				FB5AF7D72C6CE33B00956907 /* UserData.swift in Sources */,
				FB737C7A2C18630100A0225F /* EventsList.swift in Sources */,
				FB826B442C903FBA00A14282 /*  UseTermsView.swift in Sources */,
				FBC99B212C9EE76B00DF4CC1 /* DataNotFoundErrorView.swift in Sources */,
				FB8F01352C73C1FA00B7A704 /* CustomHomeSearchBar.swift in Sources */,
				FB3DF79B2C013A41005CC7AB /* CalendarView.swift in Sources */,
				FBC99B1B2C9EE2D200DF4CC1 /* AccountAlreadyExistsErrorView.swift in Sources */,
				FB43780B2C9A1C98000C8727 /* ChatResponse.swift in Sources */,
				FBC99B172C9EC6D700DF4CC1 /* RegisterEnum.swift in Sources */,
				FB3DF75B2BFF4BE2005CC7AB /* StatusView.swift in Sources */,
				FB5AF7D92C6CE33B00956907 /* Error.swift in Sources */,
				FB3DF7A22C033B60005CC7AB /* ProgressSheetView.swift in Sources */,
				FB4CF3C12BF00C5D003CAFF4 /* DMBappApp.swift in Sources */,
				FB5AF7C92C6CE1A700956907 /* KeychainManager.swift in Sources */,
				FB8D68732C13CFFC00C5C18C /* Int.swift in Sources */,
				FB5AF7DA2C6CE33B00956907 /* UserTimer.swift in Sources */,
				FB737C7C2C18636900A0225F /* CalendarViewModel.swift in Sources */,
				FB3DF7A02C01517B005CC7AB /* Date.swift in Sources */,
				FB93D3762C9E2D5F00C1E171 /* NickNameIsTakenErrorView.swift in Sources */,
				FB3DF7762C012D70005CC7AB /* RegisterViewModel.swift in Sources */,
				FB6A16AF2C887D1600A23787 /* Chat.swift in Sources */,
			);
			runOnlyForDeploymentPostprocessing = 0;
		};
/* End PBXSourcesBuildPhase section */

/* Begin XCBuildConfiguration section */
		FB4CF3C92BF00C5F003CAFF4 /* Debug */ = {
			isa = XCBuildConfiguration;
			buildSettings = {
				ALWAYS_SEARCH_USER_PATHS = NO;
				ASSETCATALOG_COMPILER_GENERATE_SWIFT_ASSET_SYMBOL_EXTENSIONS = YES;
				CLANG_ANALYZER_LOCALIZABILITY_NONLOCALIZED = YES;
				CLANG_ANALYZER_NONNULL = YES;
				CLANG_ANALYZER_NUMBER_OBJECT_CONVERSION = YES_AGGRESSIVE;
				CLANG_CXX_LANGUAGE_STANDARD = "gnu++20";
				CLANG_ENABLE_MODULES = YES;
				CLANG_ENABLE_OBJC_ARC = YES;
				CLANG_ENABLE_OBJC_WEAK = YES;
				CLANG_WARN_BLOCK_CAPTURE_AUTORELEASING = YES;
				CLANG_WARN_BOOL_CONVERSION = YES;
				CLANG_WARN_COMMA = YES;
				CLANG_WARN_CONSTANT_CONVERSION = YES;
				CLANG_WARN_DEPRECATED_OBJC_IMPLEMENTATIONS = YES;
				CLANG_WARN_DIRECT_OBJC_ISA_USAGE = YES_ERROR;
				CLANG_WARN_DOCUMENTATION_COMMENTS = YES;
				CLANG_WARN_EMPTY_BODY = YES;
				CLANG_WARN_ENUM_CONVERSION = YES;
				CLANG_WARN_INFINITE_RECURSION = YES;
				CLANG_WARN_INT_CONVERSION = YES;
				CLANG_WARN_NON_LITERAL_NULL_CONVERSION = YES;
				CLANG_WARN_OBJC_IMPLICIT_RETAIN_SELF = YES;
				CLANG_WARN_OBJC_LITERAL_CONVERSION = YES;
				CLANG_WARN_OBJC_ROOT_CLASS = YES_ERROR;
				CLANG_WARN_QUOTED_INCLUDE_IN_FRAMEWORK_HEADER = YES;
				CLANG_WARN_RANGE_LOOP_ANALYSIS = YES;
				CLANG_WARN_STRICT_PROTOTYPES = YES;
				CLANG_WARN_SUSPICIOUS_MOVE = YES;
				CLANG_WARN_UNGUARDED_AVAILABILITY = YES_AGGRESSIVE;
				CLANG_WARN_UNREACHABLE_CODE = YES;
				CLANG_WARN__DUPLICATE_METHOD_MATCH = YES;
				COPY_PHASE_STRIP = NO;
				DEBUG_INFORMATION_FORMAT = dwarf;
				ENABLE_STRICT_OBJC_MSGSEND = YES;
				ENABLE_TESTABILITY = YES;
				ENABLE_USER_SCRIPT_SANDBOXING = YES;
				GCC_C_LANGUAGE_STANDARD = gnu17;
				GCC_DYNAMIC_NO_PIC = NO;
				GCC_NO_COMMON_BLOCKS = YES;
				GCC_OPTIMIZATION_LEVEL = 0;
				GCC_PREPROCESSOR_DEFINITIONS = (
					"DEBUG=1",
					"$(inherited)",
				);
				GCC_WARN_64_TO_32_BIT_CONVERSION = YES;
				GCC_WARN_ABOUT_RETURN_TYPE = YES_ERROR;
				GCC_WARN_UNDECLARED_SELECTOR = YES;
				GCC_WARN_UNINITIALIZED_AUTOS = YES_AGGRESSIVE;
				GCC_WARN_UNUSED_FUNCTION = YES;
				GCC_WARN_UNUSED_VARIABLE = YES;
				INFOPLIST_KEY_UILaunchScreen_Generation = YES;
				INFOPLIST_KEY_UILaunchStoryboardName = Resources/LaunchScreen;
				IPHONEOS_DEPLOYMENT_TARGET = 17.0;
				LOCALIZATION_PREFERS_STRING_CATALOGS = YES;
				MTL_ENABLE_DEBUG_INFO = INCLUDE_SOURCE;
				MTL_FAST_MATH = YES;
				ONLY_ACTIVE_ARCH = YES;
				SDKROOT = iphoneos;
				SWIFT_ACTIVE_COMPILATION_CONDITIONS = "DEBUG $(inherited)";
				SWIFT_OPTIMIZATION_LEVEL = "-Onone";
			};
			name = Debug;
		};
		FB4CF3CA2BF00C5F003CAFF4 /* Release */ = {
			isa = XCBuildConfiguration;
			buildSettings = {
				ALWAYS_SEARCH_USER_PATHS = NO;
				ASSETCATALOG_COMPILER_GENERATE_SWIFT_ASSET_SYMBOL_EXTENSIONS = YES;
				CLANG_ANALYZER_LOCALIZABILITY_NONLOCALIZED = YES;
				CLANG_ANALYZER_NONNULL = YES;
				CLANG_ANALYZER_NUMBER_OBJECT_CONVERSION = YES_AGGRESSIVE;
				CLANG_CXX_LANGUAGE_STANDARD = "gnu++20";
				CLANG_ENABLE_MODULES = YES;
				CLANG_ENABLE_OBJC_ARC = YES;
				CLANG_ENABLE_OBJC_WEAK = YES;
				CLANG_WARN_BLOCK_CAPTURE_AUTORELEASING = YES;
				CLANG_WARN_BOOL_CONVERSION = YES;
				CLANG_WARN_COMMA = YES;
				CLANG_WARN_CONSTANT_CONVERSION = YES;
				CLANG_WARN_DEPRECATED_OBJC_IMPLEMENTATIONS = YES;
				CLANG_WARN_DIRECT_OBJC_ISA_USAGE = YES_ERROR;
				CLANG_WARN_DOCUMENTATION_COMMENTS = YES;
				CLANG_WARN_EMPTY_BODY = YES;
				CLANG_WARN_ENUM_CONVERSION = YES;
				CLANG_WARN_INFINITE_RECURSION = YES;
				CLANG_WARN_INT_CONVERSION = YES;
				CLANG_WARN_NON_LITERAL_NULL_CONVERSION = YES;
				CLANG_WARN_OBJC_IMPLICIT_RETAIN_SELF = YES;
				CLANG_WARN_OBJC_LITERAL_CONVERSION = YES;
				CLANG_WARN_OBJC_ROOT_CLASS = YES_ERROR;
				CLANG_WARN_QUOTED_INCLUDE_IN_FRAMEWORK_HEADER = YES;
				CLANG_WARN_RANGE_LOOP_ANALYSIS = YES;
				CLANG_WARN_STRICT_PROTOTYPES = YES;
				CLANG_WARN_SUSPICIOUS_MOVE = YES;
				CLANG_WARN_UNGUARDED_AVAILABILITY = YES_AGGRESSIVE;
				CLANG_WARN_UNREACHABLE_CODE = YES;
				CLANG_WARN__DUPLICATE_METHOD_MATCH = YES;
				COPY_PHASE_STRIP = NO;
				DEBUG_INFORMATION_FORMAT = "dwarf-with-dsym";
				ENABLE_NS_ASSERTIONS = NO;
				ENABLE_STRICT_OBJC_MSGSEND = YES;
				ENABLE_USER_SCRIPT_SANDBOXING = YES;
				GCC_C_LANGUAGE_STANDARD = gnu17;
				GCC_NO_COMMON_BLOCKS = YES;
				GCC_WARN_64_TO_32_BIT_CONVERSION = YES;
				GCC_WARN_ABOUT_RETURN_TYPE = YES_ERROR;
				GCC_WARN_UNDECLARED_SELECTOR = YES;
				GCC_WARN_UNINITIALIZED_AUTOS = YES_AGGRESSIVE;
				GCC_WARN_UNUSED_FUNCTION = YES;
				GCC_WARN_UNUSED_VARIABLE = YES;
				INFOPLIST_KEY_UILaunchScreen_Generation = YES;
				INFOPLIST_KEY_UILaunchStoryboardName = Resources/LaunchScreen;
				IPHONEOS_DEPLOYMENT_TARGET = 17.0;
				LOCALIZATION_PREFERS_STRING_CATALOGS = YES;
				MTL_ENABLE_DEBUG_INFO = NO;
				MTL_FAST_MATH = YES;
				SDKROOT = iphoneos;
				SWIFT_COMPILATION_MODE = wholemodule;
				VALIDATE_PRODUCT = YES;
			};
			name = Release;
		};
		FB4CF3CC2BF00C5F003CAFF4 /* Debug */ = {
			isa = XCBuildConfiguration;
			buildSettings = {
				ASSETCATALOG_COMPILER_APPICON_NAME = DefaultIcon;
				ASSETCATALOG_COMPILER_GLOBAL_ACCENT_COLOR_NAME = AccentColor;
				ASSETCATALOG_COMPILER_INCLUDE_ALL_APPICON_ASSETS = YES;
				CODE_SIGN_ENTITLEMENTS = DMBapp/DMBapp.entitlements;
				CODE_SIGN_IDENTITY = "Apple Development";
				CODE_SIGN_STYLE = Automatic;
				CURRENT_PROJECT_VERSION = 1;
				DEVELOPMENT_ASSET_PATHS = "\"DMBapp/Preview Content\"";
				DEVELOPMENT_TEAM = TK8B7U943D;
				ENABLE_PREVIEWS = YES;
				GENERATE_INFOPLIST_FILE = YES;
				INFOPLIST_FILE = DMBapp/Resources/Info.plist;
				INFOPLIST_KEY_UIApplicationSceneManifest_Generation = YES;
				INFOPLIST_KEY_UIApplicationSupportsIndirectInputEvents = YES;
				INFOPLIST_KEY_UILaunchScreen_Generation = YES;
				INFOPLIST_KEY_UILaunchStoryboardName = LaunchScreen.storyboard;
				INFOPLIST_KEY_UIStatusBarStyle = "";
				INFOPLIST_KEY_UISupportedInterfaceOrientations = UIInterfaceOrientationPortrait;
				INFOPLIST_KEY_UISupportedInterfaceOrientations_iPad = "UIInterfaceOrientationLandscapeLeft UIInterfaceOrientationLandscapeRight UIInterfaceOrientationPortrait UIInterfaceOrientationPortraitUpsideDown";
				IPHONEOS_DEPLOYMENT_TARGET = 17.0;
				LD_RUNPATH_SEARCH_PATHS = (
					"$(inherited)",
					"@executable_path/Frameworks",
				);
				MARKETING_VERSION = 1.0;
				PRODUCT_BUNDLE_IDENTIFIER = ankh.DMBapp;
				PRODUCT_NAME = "$(TARGET_NAME)";
				PROVISIONING_PROFILE_SPECIFIER = "";
				SUPPORTED_PLATFORMS = "iphoneos iphonesimulator";
				SUPPORTS_MACCATALYST = NO;
				SUPPORTS_MAC_DESIGNED_FOR_IPHONE_IPAD = NO;
				SUPPORTS_XR_DESIGNED_FOR_IPHONE_IPAD = NO;
				SWIFT_EMIT_LOC_STRINGS = YES;
				SWIFT_VERSION = 5.0;
				TARGETED_DEVICE_FAMILY = 1;
			};
			name = Debug;
		};
		FB4CF3CD2BF00C5F003CAFF4 /* Release */ = {
			isa = XCBuildConfiguration;
			buildSettings = {
				ASSETCATALOG_COMPILER_APPICON_NAME = DefaultIcon;
				ASSETCATALOG_COMPILER_GLOBAL_ACCENT_COLOR_NAME = AccentColor;
				ASSETCATALOG_COMPILER_INCLUDE_ALL_APPICON_ASSETS = YES;
				CODE_SIGN_ENTITLEMENTS = DMBapp/DMBapp.entitlements;
				CODE_SIGN_IDENTITY = "Apple Development";
				CODE_SIGN_STYLE = Automatic;
				CURRENT_PROJECT_VERSION = 1;
				DEVELOPMENT_ASSET_PATHS = "\"DMBapp/Preview Content\"";
				DEVELOPMENT_TEAM = TK8B7U943D;
				ENABLE_PREVIEWS = YES;
				GENERATE_INFOPLIST_FILE = YES;
				INFOPLIST_FILE = DMBapp/Resources/Info.plist;
				INFOPLIST_KEY_UIApplicationSceneManifest_Generation = YES;
				INFOPLIST_KEY_UIApplicationSupportsIndirectInputEvents = YES;
				INFOPLIST_KEY_UILaunchScreen_Generation = YES;
				INFOPLIST_KEY_UILaunchStoryboardName = LaunchScreen.storyboard;
				INFOPLIST_KEY_UIStatusBarStyle = "";
				INFOPLIST_KEY_UISupportedInterfaceOrientations = UIInterfaceOrientationPortrait;
				INFOPLIST_KEY_UISupportedInterfaceOrientations_iPad = "UIInterfaceOrientationLandscapeLeft UIInterfaceOrientationLandscapeRight UIInterfaceOrientationPortrait UIInterfaceOrientationPortraitUpsideDown";
				IPHONEOS_DEPLOYMENT_TARGET = 17.0;
				LD_RUNPATH_SEARCH_PATHS = (
					"$(inherited)",
					"@executable_path/Frameworks",
				);
				MARKETING_VERSION = 1.0;
				PRODUCT_BUNDLE_IDENTIFIER = ankh.DMBapp;
				PRODUCT_NAME = "$(TARGET_NAME)";
				PROVISIONING_PROFILE_SPECIFIER = "";
				SUPPORTED_PLATFORMS = "iphoneos iphonesimulator";
				SUPPORTS_MACCATALYST = NO;
				SUPPORTS_MAC_DESIGNED_FOR_IPHONE_IPAD = NO;
				SUPPORTS_XR_DESIGNED_FOR_IPHONE_IPAD = NO;
				SWIFT_EMIT_LOC_STRINGS = YES;
				SWIFT_VERSION = 5.0;
				TARGETED_DEVICE_FAMILY = 1;
			};
			name = Release;
		};
/* End XCBuildConfiguration section */

/* Begin XCConfigurationList section */
		FB4CF3B82BF00C5D003CAFF4 /* Build configuration list for PBXProject "DMBapp" */ = {
			isa = XCConfigurationList;
			buildConfigurations = (
				FB4CF3C92BF00C5F003CAFF4 /* Debug */,
				FB4CF3CA2BF00C5F003CAFF4 /* Release */,
			);
			defaultConfigurationIsVisible = 0;
			defaultConfigurationName = Release;
		};
		FB4CF3CB2BF00C5F003CAFF4 /* Build configuration list for PBXNativeTarget "DMBapp" */ = {
			isa = XCConfigurationList;
			buildConfigurations = (
				FB4CF3CC2BF00C5F003CAFF4 /* Debug */,
				FB4CF3CD2BF00C5F003CAFF4 /* Release */,
			);
			defaultConfigurationIsVisible = 0;
			defaultConfigurationName = Release;
		};
/* End XCConfigurationList section */

/* Begin XCRemoteSwiftPackageReference section */
		FB5AF7CA2C6CE1B400956907 /* XCRemoteSwiftPackageReference "Starscream" */ = {
			isa = XCRemoteSwiftPackageReference;
			repositoryURL = "https://github.com/daltoniam/Starscream";
			requirement = {
				kind = upToNextMajorVersion;
				minimumVersion = 4.0.8;
			};
		};
		FB6A16B22C88F9E600A23787 /* XCRemoteSwiftPackageReference "AnyCodable" */ = {
			isa = XCRemoteSwiftPackageReference;
			repositoryURL = "https://github.com/Flight-School/AnyCodable.git";
			requirement = {
				kind = upToNextMajorVersion;
				minimumVersion = 0.6.7;
			};
		};
		FBE5C1732C4A65E9009DF8E3 /* XCRemoteSwiftPackageReference "Alamofire" */ = {
			isa = XCRemoteSwiftPackageReference;
			repositoryURL = "https://github.com/Alamofire/Alamofire";
			requirement = {
				kind = upToNextMajorVersion;
				minimumVersion = 5.9.1;
			};
		};
/* End XCRemoteSwiftPackageReference section */

/* Begin XCSwiftPackageProductDependency section */
		FB5AF7CB2C6CE1B400956907 /* Starscream */ = {
			isa = XCSwiftPackageProductDependency;
			package = FB5AF7CA2C6CE1B400956907 /* XCRemoteSwiftPackageReference "Starscream" */;
			productName = Starscream;
		};
		FB6A16B32C88F9E600A23787 /* AnyCodable */ = {
			isa = XCSwiftPackageProductDependency;
			package = FB6A16B22C88F9E600A23787 /* XCRemoteSwiftPackageReference "AnyCodable" */;
			productName = AnyCodable;
		};
		FBE5C1742C4A65E9009DF8E3 /* Alamofire */ = {
			isa = XCSwiftPackageProductDependency;
			package = FBE5C1732C4A65E9009DF8E3 /* XCRemoteSwiftPackageReference "Alamofire" */;
			productName = Alamofire;
		};
/* End XCSwiftPackageProductDependency section */

/* Begin XCVersionGroup section */
		FB715BB82C2B171E00071C09 /* CoreDataModel.xcdatamodeld */ = {
			isa = XCVersionGroup;
			children = (
				FB715BB92C2B171E00071C09 /* CoreDataModel.xcdatamodel */,
			);
			currentVersion = FB715BB92C2B171E00071C09 /* CoreDataModel.xcdatamodel */;
			path = CoreDataModel.xcdatamodeld;
			sourceTree = "<group>";
			versionGroupType = wrapper.xcdatamodel;
		};
/* End XCVersionGroup section */
	};
	rootObject = FB4CF3B52BF00C5D003CAFF4 /* Project object */;
}
